{
  "version": 4,
  "terraform_version": "1.1.9",
  "serial": 13,
  "lineage": "2b42a0ed-dbe8-a2a9-0c78-4fcee72fc79a",
  "outputs": {
    "public_ip_address": {
      "value": "52.234.134.61",
      "type": "string"
    },
    "resource_group_name": {
      "value": "rg-tight-marmot",
      "type": "string"
    },
    "tls_private_key": {
      "value": "-----BEGIN RSA PRIVATE KEY-----\nMIIJJwIBAAKCAgEAqnfMgbXvfsQrv/f1I89R5tZjgBj3Mk5LEgagptEp58rINp2W\n56ohaLVbeyyI8e+VxRDc31ClW6WdqkdoArRorItrA+Wzg1abpyJkXllv9csumi8q\n8+Ty23UKJsVsYUbxhnlBnfm8B8T0ZZUx58Q0WDZdNIiQXiWnWJRMQdPALbQrcO7p\n+6eGe6S0Cu30D1xYRxBLQH2qxtPL/Ab8odQi4c3FxnOF1yWYF6FaayEo02x2ka+5\ncp1R/eujALmn/eWS4PJqhOZFfGGvpoI7fdpN8gtK6iEs0TcVNQce28OiqsGSimbE\nbzhzbc6sX1PudUZ4uLovH3/gwLc3gfW14Rx6y4W8Uf5jCMPXNNVsyGKFOR22XSN7\nKYH8vgbqgUGuHpf/d4Eijl5++cm9o9LzZeyj1Ow85cdzkkVNg01bA0LfADFv3W+Q\nNnZNBR6nKr2ZK3K8suCWgjKIdKpuFMLtz/YfUPWH43aZ7TrtPalvqLGZW1EaL6pj\nKqrVjfGHTh99EAPsBRUTPUwtpYDvMGcUslmogMLZyJU5PqcPhsD1L/HmrCGMbcak\nGtfiJ2NeJIlphaM/o5gSN3qHZEClSj3kPQwKAH22dN0l8uaaMoFzHaJWUxdpOAow\nEVbwSTe005Pbpi62yBzGwy4/DZccl7oyiGzhDUOGiOZQd1/yN63q+yqlEy0CAwEA\nAQKCAgBnwUzfMi5YGOyMBk7Vge1Ws+yR3iAvJUo56YDEqBB6fYlI/LgJvxpgkenh\nWaTspKei73WQEpTi6DXDm3yqEMaZJq53C8ssSH2qx5sRdhxYHVf7DnR1SEes3VrV\naFpkBvsgnxMaJROWIwGiBqH+cARwIH6wZ+J++yoVFwYnFswkxUGfljsiKcAH56KR\n+G0RIGK2tisnUJWuOOEyP8pqcSTeDRGwjUXMQpyE3XecNu2TabPtTmhwY2KxS0fG\nPDoMpju04LeGtmVapFZ14VR2cHX6uXbadGDD4mPtB613k2ahyfn4dT5gd5qCHkX6\nK6q7BK6buO7PnFTe12VYm4YdQulVknehDe7kl5x4Otq/8y7v7UY+EVOxDiOvUWOS\n/jTztEhH5fiFz4P/6W25LfUNPHz4iHKKCIaz6pcHZmpQX0aeWQK3RuPIw8z58o1w\nyWaX8P7obU3EIoKrOXGgG+j2hvfSXduCTPGo22gypf48rbgA/A+wsSvSsHds1ph+\nFfLyE37KybPv+QLo+ld/LkCL+Vt/6rrGihOAEYBDXQjAfWHOfqL9NrLaaia5Ipjg\n8/4gJpPHLVO4R5vB4QsfxbWv9czKBxVPeYiqcYxIfvVy49XKD8fvNnQU/ZtQWEqj\nrIog370e1UwrELw4wN0Bhe2bKQvKeXShYd9+ooYu7jRXe6ax/QKCAQEA1BcMggiz\nc6JzfPLBq2RoGYN5avtrb9RBUFb054a0IkJAU4pAsWzyBcfiZ7ufEJ5gPIPbT++w\nDcHpeXdVU5cddKb7FNJKtP3qrXfGyxntRbRJAwje91kuvJn5V1ppiFN4g17BdiEI\nZRjR7cdM+cM3n8sKIoexbQhHJiTvYFvbkgB24WP3hXMDYPJUUnuE5dn0QUU64fsO\ndLnrm2S+IcHPxlgGp6asMi/4ptheD33ThVh66unh1cgfJTG9JZQcAKoT1+Z8t70C\niSdEG4imZ1yy1nvNhk1ONkzs7ppBXFToQXgXA5iWRtTWQZGNzSpLCOMMt0WUJCf5\nv9DwmQMmvOwyNwKCAQEAzcK+vYAZQ9n1BQ07l5Q24oru6ocBRdyX+BpWzATjfEdq\nXWyWMnJSBe/5waN8U3LxiSoF+VYYnm34TSmBrhumcCY0JuejjrMm8nGYKDsdmgv3\nXtApbQHjW27Pr8cCY3YbmpzoufXEODOcA1N41gPa+nlqdxwlkhEklmCgYpdTEWWq\nUlGRdjswQjENaMubdEj+EwKDuK9aQkl1P2bPE2g6s56oMxv/4DZ1TFUuulyFGqze\nFN65jCdjrTGBtFVa9KNU7nda5Dx1DUeIosHPVQ1/BmP91wUr8fWeLF8Rk8IIjCZe\n/Hk3bgbQYQ1Ck4qarPnQe7op89HpRXQ0p1Uj0shDuwKCAQAKre5vTcjbdb6i+AZQ\nfwnO3xPqEybhxqpTRU2nqty/LN7YVgnT5Ux6hgocdxIXYCIwaeNNLyCKUM1U1HFz\neBR/nzjdX4lre62pdnKIH5IXBHD4uiWgBtmXnZk0kNTnjGxxEQBk1lz52joX4wU5\nPl86qJqmCncgql4KyalUDMwNmgBicQoxqgztgMZGMPoMKOFnt/izEFU2A3adqID6\naivwLNaI8peRH2FB5Xs3BHr2J/JoicZZYW5QDSUdE0wlrGq7YFu/VMEf7t47FLJs\nWfqXWjyLGrFpgo4bpaDM6WmYgleGUtSeVHFFc/LT9eE5XVVylQpUl763remvir0U\nnkAZAoIBAERcpZ60RrCiY6OwB9KOrcWKv2IwRJ3/coY9ygSywxnxaEdt4mEUVmge\nmO5a8N2Q3OrjiWST1E4e31ZTqgA8s4mjR8R9RXwNzazTTOhg667YtvFLW9gZvn4M\nTPhruEFvZjByXWgbXXwGuZjpTMZeNYzudg7ozRrAk1Va+S6IdFLdYj9DVn7fn2L+\nhSQCMb3q2m9acIUVzXkkis3rzHT4NjijR+LjNJo7vbEExCeqwZZhRM/OR/tmwtky\nD5Pon/WTpo4sHYijBYjJ8X2Rwt7RQxjOc/HSiA01u72mQGLFHq3hucFMTLxDi0wT\nacE3VbiOr1PMQE//t+8Zcrz9ro9Ddi0CggEAUF7ja6TAhVy6CLYKFY9URiX+3jaa\nLqEE4pYWx+CKLJsnBVqUPE40S3FJ2Ex6tuvbsI95DZfjRuPZ/lcpVH+EgaxygdiI\ndlbLa+xTempgLefZlzNbDBZUowHvVCyk47YrqfOI1LzCXXhJtBfAHQuUUpOqbH0S\nlx0ooa/aMWxdqumkK/AfOajY4R7BfiCbjnF6mbs3l3NuuC5QKonDWQX03yi3TcCh\noRK4RU8dNHtE7OEp9rLZ+c1egG2kfpohA5hvvObym6WPyOA9f2tw5xkNThMrFO8O\nqW75xLLMJ2PfLgNTLompLzjHR8BwYrPVuv9xEWXUUMdBCfWPyXCshUsqzA==\n-----END RSA PRIVATE KEY-----\n",
      "type": "string",
      "sensitive": true
    }
  },
  "resources": [
    {
      "mode": "managed",
      "type": "azurerm_linux_virtual_machine",
      "name": "my_terraform_vm",
      "provider": "provider[\"registry.terraform.io/hashicorp/azurerm\"]",
      "instances": [
        {
          "schema_version": 0,
          "attributes": {
            "additional_capabilities": [],
            "admin_password": null,
            "admin_ssh_key": [
              {
                "public_key": "ssh-rsa AAAAB3NzaC1yc2EAAAADAQABAAACAQCqd8yBte9+xCu/9/Ujz1Hm1mOAGPcyTksSBqCm0Snnysg2nZbnqiFotVt7LIjx75XFENzfUKVbpZ2qR2gCtGisi2sD5bODVpunImReWW/1yy6aLyrz5PLbdQomxWxhRvGGeUGd+bwHxPRllTHnxDRYNl00iJBeJadYlExB08AttCtw7un7p4Z7pLQK7fQPXFhHEEtAfarG08v8Bvyh1CLhzcXGc4XXJZgXoVprISjTbHaRr7lynVH966MAuaf95ZLg8mqE5kV8Ya+mgjt92k3yC0rqISzRNxU1Bx7bw6KqwZKKZsRvOHNtzqxfU+51Rni4ui8ff+DAtzeB9bXhHHrLhbxR/mMIw9c01WzIYoU5HbZdI3spgfy+BuqBQa4el/93gSKOXn75yb2j0vNl7KPU7Dzlx3OSRU2DTVsDQt8AMW/db5A2dk0FHqcqvZkrcryy4JaCMoh0qm4Uwu3P9h9Q9YfjdpntOu09qW+osZlbURovqmMqqtWN8YdOH30QA+wFFRM9TC2lgO8wZxSyWaiAwtnIlTk+pw+GwPUv8easIYxtxqQa1+InY14kiWmFoz+jmBI3eodkQKVKPeQ9DAoAfbZ03SXy5poygXMdolZTF2k4CjARVvBJN7TTk9umLrbIHMbDLj8NlxyXujKIbOENQ4aI5lB3X/I3rer7KqUTLQ==\n",
                "username": "azureuser"
              }
            ],
            "admin_username": "azureuser",
            "allow_extension_operations": true,
            "availability_set_id": "",
            "boot_diagnostics": [
              {
                "storage_account_uri": "https://diag3cee1f8c7c55fac7.blob.core.windows.net/"
              }
            ],
            "computer_name": "myvm",
            "custom_data": null,
            "dedicated_host_group_id": "",
            "dedicated_host_id": "",
            "disable_password_authentication": true,
            "encryption_at_host_enabled": false,
            "eviction_policy": "",
            "extensions_time_budget": "PT1H30M",
            "id": "/subscriptions/66471004-eea9-4636-815f-2ff484fb5f32/resourceGroups/rg-tight-marmot/providers/Microsoft.Compute/virtualMachines/myVM",
            "identity": [],
            "license_type": "",
            "location": "eastus",
            "max_bid_price": -1,
            "name": "myVM",
            "network_interface_ids": [
              "/subscriptions/66471004-eea9-4636-815f-2ff484fb5f32/resourceGroups/rg-tight-marmot/providers/Microsoft.Network/networkInterfaces/myNIC"
            ],
            "os_disk": [
              {
                "caching": "ReadWrite",
                "diff_disk_settings": [],
                "disk_encryption_set_id": "",
                "disk_size_gb": 30,
                "name": "myOsDisk",
                "storage_account_type": "Premium_LRS",
                "write_accelerator_enabled": false
              }
            ],
            "patch_mode": "ImageDefault",
            "plan": [],
            "platform_fault_domain": -1,
            "priority": "Regular",
            "private_ip_address": "10.0.1.4",
            "private_ip_addresses": [
              "10.0.1.4"
            ],
            "provision_vm_agent": true,
            "proximity_placement_group_id": "",
            "public_ip_address": "52.234.134.61",
            "public_ip_addresses": [
              "52.234.134.61"
            ],
            "resource_group_name": "rg-tight-marmot",
            "secret": [],
            "secure_boot_enabled": false,
            "size": "Standard_DS1_v2",
            "source_image_id": "",
            "source_image_reference": [
              {
                "offer": "UbuntuServer",
                "publisher": "Canonical",
                "sku": "18.04-LTS",
                "version": "latest"
              }
            ],
            "tags": null,
            "timeouts": null,
            "user_data": "",
            "virtual_machine_id": "36725f4e-376d-4a53-96ec-7be8d03320d0",
            "virtual_machine_scale_set_id": "",
            "vtpm_enabled": false,
            "zone": ""
          },
          "sensitive_attributes": [],
          "private": "eyJlMmJmYjczMC1lY2FhLTExZTYtOGY4OC0zNDM2M2JjN2M0YzAiOnsiY3JlYXRlIjoyNzAwMDAwMDAwMDAwLCJkZWxldGUiOjI3MDAwMDAwMDAwMDAsInJlYWQiOjMwMDAwMDAwMDAwMCwidXBkYXRlIjoyNzAwMDAwMDAwMDAwfX0=",
          "dependencies": [
            "azurerm_network_interface.my_terraform_nic",
            "azurerm_public_ip.my_terraform_public_ip",
            "azurerm_resource_group.rg",
            "azurerm_storage_account.my_storage_account",
            "azurerm_subnet.my_terraform_subnet",
            "azurerm_virtual_network.my_terraform_network",
            "random_id.random_id",
            "random_pet.rg_name",
            "tls_private_key.example_ssh"
          ]
        }
      ]
    },
    {
      "mode": "managed",
      "type": "azurerm_network_interface",
      "name": "my_terraform_nic",
      "provider": "provider[\"registry.terraform.io/hashicorp/azurerm\"]",
      "instances": [
        {
          "schema_version": 0,
          "attributes": {
            "applied_dns_servers": [],
            "dns_servers": [],
            "enable_accelerated_networking": false,
            "enable_ip_forwarding": false,
            "id": "/subscriptions/66471004-eea9-4636-815f-2ff484fb5f32/resourceGroups/rg-tight-marmot/providers/Microsoft.Network/networkInterfaces/myNIC",
            "internal_dns_name_label": "",
            "internal_domain_name_suffix": "x4xjdwwehxzurijqqznh235anb.bx.internal.cloudapp.net",
            "ip_configuration": [
              {
                "gateway_load_balancer_frontend_ip_configuration_id": "",
                "name": "my_nic_configuration",
                "primary": true,
                "private_ip_address": "10.0.1.4",
                "private_ip_address_allocation": "Dynamic",
                "private_ip_address_version": "IPv4",
                "public_ip_address_id": "/subscriptions/66471004-eea9-4636-815f-2ff484fb5f32/resourceGroups/rg-tight-marmot/providers/Microsoft.Network/publicIPAddresses/myPublicIP",
                "subnet_id": "/subscriptions/66471004-eea9-4636-815f-2ff484fb5f32/resourceGroups/rg-tight-marmot/providers/Microsoft.Network/virtualNetworks/myVnet/subnets/mySubnet"
              }
            ],
            "location": "eastus",
            "mac_address": "",
            "name": "myNIC",
            "private_ip_address": "10.0.1.4",
            "private_ip_addresses": [
              "10.0.1.4"
            ],
            "resource_group_name": "rg-tight-marmot",
            "tags": null,
            "timeouts": null,
            "virtual_machine_id": ""
          },
          "sensitive_attributes": [],
          "private": "eyJlMmJmYjczMC1lY2FhLTExZTYtOGY4OC0zNDM2M2JjN2M0YzAiOnsiY3JlYXRlIjoxODAwMDAwMDAwMDAwLCJkZWxldGUiOjE4MDAwMDAwMDAwMDAsInJlYWQiOjMwMDAwMDAwMDAwMCwidXBkYXRlIjoxODAwMDAwMDAwMDAwfX0=",
          "dependencies": [
            "azurerm_public_ip.my_terraform_public_ip",
            "azurerm_resource_group.rg",
            "azurerm_subnet.my_terraform_subnet",
            "azurerm_virtual_network.my_terraform_network",
            "random_pet.rg_name"
          ]
        }
      ]
    },
    {
      "mode": "managed",
      "type": "azurerm_network_interface_security_group_association",
      "name": "example",
      "provider": "provider[\"registry.terraform.io/hashicorp/azurerm\"]",
      "instances": [
        {
          "schema_version": 0,
          "attributes": {
            "id": "/subscriptions/66471004-eea9-4636-815f-2ff484fb5f32/resourceGroups/rg-tight-marmot/providers/Microsoft.Network/networkInterfaces/myNIC|/subscriptions/66471004-eea9-4636-815f-2ff484fb5f32/resourceGroups/rg-tight-marmot/providers/Microsoft.Network/networkSecurityGroups/myNetworkSecurityGroup",
            "network_interface_id": "/subscriptions/66471004-eea9-4636-815f-2ff484fb5f32/resourceGroups/rg-tight-marmot/providers/Microsoft.Network/networkInterfaces/myNIC",
            "network_security_group_id": "/subscriptions/66471004-eea9-4636-815f-2ff484fb5f32/resourceGroups/rg-tight-marmot/providers/Microsoft.Network/networkSecurityGroups/myNetworkSecurityGroup",
            "timeouts": null
          },
          "sensitive_attributes": [],
          "private": "eyJlMmJmYjczMC1lY2FhLTExZTYtOGY4OC0zNDM2M2JjN2M0YzAiOnsiY3JlYXRlIjoxODAwMDAwMDAwMDAwLCJkZWxldGUiOjE4MDAwMDAwMDAwMDAsInJlYWQiOjMwMDAwMDAwMDAwMCwidXBkYXRlIjoxODAwMDAwMDAwMDAwfX0=",
          "dependencies": [
            "azurerm_network_interface.my_terraform_nic",
            "azurerm_network_security_group.my_terraform_nsg",
            "azurerm_public_ip.my_terraform_public_ip",
            "azurerm_resource_group.rg",
            "azurerm_subnet.my_terraform_subnet",
            "azurerm_virtual_network.my_terraform_network",
            "random_pet.rg_name"
          ]
        }
      ]
    },
    {
      "mode": "managed",
      "type": "azurerm_network_security_group",
      "name": "my_terraform_nsg",
      "provider": "provider[\"registry.terraform.io/hashicorp/azurerm\"]",
      "instances": [
        {
          "schema_version": 0,
          "attributes": {
            "id": "/subscriptions/66471004-eea9-4636-815f-2ff484fb5f32/resourceGroups/rg-tight-marmot/providers/Microsoft.Network/networkSecurityGroups/myNetworkSecurityGroup",
            "location": "eastus",
            "name": "myNetworkSecurityGroup",
            "resource_group_name": "rg-tight-marmot",
            "security_rule": [
              {
                "access": "Allow",
                "description": "",
                "destination_address_prefix": "*",
                "destination_address_prefixes": [],
                "destination_application_security_group_ids": [],
                "destination_port_range": "22",
                "destination_port_ranges": [],
                "direction": "Inbound",
                "name": "SSH",
                "priority": 1001,
                "protocol": "Tcp",
                "source_address_prefix": "*",
                "source_address_prefixes": [],
                "source_application_security_group_ids": [],
                "source_port_range": "*",
                "source_port_ranges": []
              }
            ],
            "tags": null,
            "timeouts": null
          },
          "sensitive_attributes": [],
          "private": "eyJlMmJmYjczMC1lY2FhLTExZTYtOGY4OC0zNDM2M2JjN2M0YzAiOnsiY3JlYXRlIjoxODAwMDAwMDAwMDAwLCJkZWxldGUiOjE4MDAwMDAwMDAwMDAsInJlYWQiOjMwMDAwMDAwMDAwMCwidXBkYXRlIjoxODAwMDAwMDAwMDAwfX0=",
          "dependencies": [
            "azurerm_resource_group.rg",
            "random_pet.rg_name"
          ]
        }
      ]
    },
    {
      "mode": "managed",
      "type": "azurerm_public_ip",
      "name": "my_terraform_public_ip",
      "provider": "provider[\"registry.terraform.io/hashicorp/azurerm\"]",
      "instances": [
        {
          "schema_version": 0,
          "attributes": {
            "allocation_method": "Dynamic",
            "availability_zone": "No-Zone",
            "domain_name_label": null,
            "fqdn": null,
            "id": "/subscriptions/66471004-eea9-4636-815f-2ff484fb5f32/resourceGroups/rg-tight-marmot/providers/Microsoft.Network/publicIPAddresses/myPublicIP",
            "idle_timeout_in_minutes": 4,
            "ip_address": "",
            "ip_tags": null,
            "ip_version": "IPv4",
            "location": "eastus",
            "name": "myPublicIP",
            "public_ip_prefix_id": null,
            "resource_group_name": "rg-tight-marmot",
            "reverse_fqdn": null,
            "sku": "Basic",
            "sku_tier": "Regional",
            "tags": null,
            "timeouts": null,
            "zones": []
          },
          "sensitive_attributes": [],
          "private": "eyJlMmJmYjczMC1lY2FhLTExZTYtOGY4OC0zNDM2M2JjN2M0YzAiOnsiY3JlYXRlIjoxODAwMDAwMDAwMDAwLCJkZWxldGUiOjE4MDAwMDAwMDAwMDAsInJlYWQiOjMwMDAwMDAwMDAwMCwidXBkYXRlIjoxODAwMDAwMDAwMDAwfX0=",
          "dependencies": [
            "azurerm_resource_group.rg",
            "random_pet.rg_name"
          ]
        }
      ]
    },
    {
      "mode": "managed",
      "type": "azurerm_resource_group",
      "name": "rg",
      "provider": "provider[\"registry.terraform.io/hashicorp/azurerm\"]",
      "instances": [
        {
          "schema_version": 0,
          "attributes": {
            "id": "/subscriptions/66471004-eea9-4636-815f-2ff484fb5f32/resourceGroups/rg-tight-marmot",
            "location": "eastus",
            "name": "rg-tight-marmot",
            "tags": null,
            "timeouts": null
          },
          "sensitive_attributes": [],
          "private": "eyJlMmJmYjczMC1lY2FhLTExZTYtOGY4OC0zNDM2M2JjN2M0YzAiOnsiY3JlYXRlIjo1NDAwMDAwMDAwMDAwLCJkZWxldGUiOjU0MDAwMDAwMDAwMDAsInJlYWQiOjMwMDAwMDAwMDAwMCwidXBkYXRlIjo1NDAwMDAwMDAwMDAwfX0=",
          "dependencies": [
            "random_pet.rg_name"
          ]
        }
      ]
    },
    {
      "mode": "managed",
      "type": "azurerm_storage_account",
      "name": "my_storage_account",
      "provider": "provider[\"registry.terraform.io/hashicorp/azurerm\"]",
      "instances": [
        {
          "schema_version": 2,
          "attributes": {
            "access_tier": "Hot",
            "account_kind": "StorageV2",
            "account_replication_type": "LRS",
            "account_tier": "Standard",
            "allow_blob_public_access": false,
            "azure_files_authentication": [],
            "blob_properties": [
              {
                "change_feed_enabled": false,
                "container_delete_retention_policy": [],
                "cors_rule": [],
                "default_service_version": "",
                "delete_retention_policy": [],
                "last_access_time_enabled": false,
                "versioning_enabled": false
              }
            ],
            "custom_domain": [],
            "customer_managed_key": [],
            "enable_https_traffic_only": true,
            "id": "/subscriptions/66471004-eea9-4636-815f-2ff484fb5f32/resourceGroups/rg-tight-marmot/providers/Microsoft.Storage/storageAccounts/diag3cee1f8c7c55fac7",
            "identity": [],
            "infrastructure_encryption_enabled": false,
            "is_hns_enabled": false,
            "large_file_share_enabled": null,
            "location": "eastus",
            "min_tls_version": "TLS1_0",
            "name": "diag3cee1f8c7c55fac7",
            "network_rules": [
              {
                "bypass": [
                  "AzureServices"
                ],
                "default_action": "Allow",
                "ip_rules": [],
                "private_link_access": [],
                "virtual_network_subnet_ids": []
              }
            ],
            "nfsv3_enabled": false,
            "primary_access_key": "CqMse6nWdbY4PVRNMgK/tgi3Nll69S9/138vP2uvrian8+lE6F/ih6+eVEBNC2H8TI6/G4mnsdd/+AStPP1UAQ==",
            "primary_blob_connection_string": "DefaultEndpointsProtocol=https;BlobEndpoint=https://diag3cee1f8c7c55fac7.blob.core.windows.net/;AccountName=diag3cee1f8c7c55fac7;AccountKey=CqMse6nWdbY4PVRNMgK/tgi3Nll69S9/138vP2uvrian8+lE6F/ih6+eVEBNC2H8TI6/G4mnsdd/+AStPP1UAQ==",
            "primary_blob_endpoint": "https://diag3cee1f8c7c55fac7.blob.core.windows.net/",
            "primary_blob_host": "diag3cee1f8c7c55fac7.blob.core.windows.net",
            "primary_connection_string": "DefaultEndpointsProtocol=https;AccountName=diag3cee1f8c7c55fac7;AccountKey=CqMse6nWdbY4PVRNMgK/tgi3Nll69S9/138vP2uvrian8+lE6F/ih6+eVEBNC2H8TI6/G4mnsdd/+AStPP1UAQ==;EndpointSuffix=core.windows.net",
            "primary_dfs_endpoint": "https://diag3cee1f8c7c55fac7.dfs.core.windows.net/",
            "primary_dfs_host": "diag3cee1f8c7c55fac7.dfs.core.windows.net",
            "primary_file_endpoint": "https://diag3cee1f8c7c55fac7.file.core.windows.net/",
            "primary_file_host": "diag3cee1f8c7c55fac7.file.core.windows.net",
            "primary_location": "eastus",
            "primary_queue_endpoint": "https://diag3cee1f8c7c55fac7.queue.core.windows.net/",
            "primary_queue_host": "diag3cee1f8c7c55fac7.queue.core.windows.net",
            "primary_table_endpoint": "https://diag3cee1f8c7c55fac7.table.core.windows.net/",
            "primary_table_host": "diag3cee1f8c7c55fac7.table.core.windows.net",
            "primary_web_endpoint": "https://diag3cee1f8c7c55fac7.z13.web.core.windows.net/",
            "primary_web_host": "diag3cee1f8c7c55fac7.z13.web.core.windows.net",
            "queue_encryption_key_type": "Service",
            "queue_properties": [
              {
                "cors_rule": [],
                "hour_metrics": [
                  {
                    "enabled": true,
                    "include_apis": true,
                    "retention_policy_days": 7,
                    "version": "1.0"
                  }
                ],
                "logging": [
                  {
                    "delete": false,
                    "read": false,
                    "retention_policy_days": 0,
                    "version": "1.0",
                    "write": false
                  }
                ],
                "minute_metrics": [
                  {
                    "enabled": false,
                    "include_apis": false,
                    "retention_policy_days": 0,
                    "version": "1.0"
                  }
                ]
              }
            ],
            "resource_group_name": "rg-tight-marmot",
            "routing": [],
            "secondary_access_key": "qPqWJQwHvnhjzyT+RaThorFGYbo4J0S/dNXu4SOooReG9tpbEMYAGgdyOwU+SAto0Q0uktpKJ1ZQ+ASt2J2ktA==",
            "secondary_blob_connection_string": "",
            "secondary_blob_endpoint": null,
            "secondary_blob_host": null,
            "secondary_connection_string": "DefaultEndpointsProtocol=https;AccountName=diag3cee1f8c7c55fac7;AccountKey=qPqWJQwHvnhjzyT+RaThorFGYbo4J0S/dNXu4SOooReG9tpbEMYAGgdyOwU+SAto0Q0uktpKJ1ZQ+ASt2J2ktA==;EndpointSuffix=core.windows.net",
            "secondary_dfs_endpoint": null,
            "secondary_dfs_host": null,
            "secondary_file_endpoint": null,
            "secondary_file_host": null,
            "secondary_location": "",
            "secondary_queue_endpoint": null,
            "secondary_queue_host": null,
            "secondary_table_endpoint": null,
            "secondary_table_host": null,
            "secondary_web_endpoint": null,
            "secondary_web_host": null,
            "share_properties": [
              {
                "cors_rule": [],
                "retention_policy": [
                  {
                    "days": 7
                  }
                ],
                "smb": []
              }
            ],
            "shared_access_key_enabled": true,
            "static_website": [],
            "table_encryption_key_type": "Service",
            "tags": null,
            "timeouts": null
          },
          "sensitive_attributes": [],
          "private": "eyJlMmJmYjczMC1lY2FhLTExZTYtOGY4OC0zNDM2M2JjN2M0YzAiOnsiY3JlYXRlIjozNjAwMDAwMDAwMDAwLCJkZWxldGUiOjM2MDAwMDAwMDAwMDAsInJlYWQiOjMwMDAwMDAwMDAwMCwidXBkYXRlIjozNjAwMDAwMDAwMDAwfSwic2NoZW1hX3ZlcnNpb24iOiIyIn0=",
          "dependencies": [
            "azurerm_resource_group.rg",
            "random_id.random_id",
            "random_pet.rg_name"
          ]
        }
      ]
    },
    {
      "mode": "managed",
      "type": "azurerm_subnet",
      "name": "my_terraform_subnet",
      "provider": "provider[\"registry.terraform.io/hashicorp/azurerm\"]",
      "instances": [
        {
          "schema_version": 0,
          "attributes": {
            "address_prefix": "10.0.1.0/24",
            "address_prefixes": [
              "10.0.1.0/24"
            ],
            "delegation": [],
            "enforce_private_link_endpoint_network_policies": false,
            "enforce_private_link_service_network_policies": false,
            "id": "/subscriptions/66471004-eea9-4636-815f-2ff484fb5f32/resourceGroups/rg-tight-marmot/providers/Microsoft.Network/virtualNetworks/myVnet/subnets/mySubnet",
            "name": "mySubnet",
            "resource_group_name": "rg-tight-marmot",
            "service_endpoint_policy_ids": null,
            "service_endpoints": null,
            "timeouts": null,
            "virtual_network_name": "myVnet"
          },
          "sensitive_attributes": [],
          "private": "eyJlMmJmYjczMC1lY2FhLTExZTYtOGY4OC0zNDM2M2JjN2M0YzAiOnsiY3JlYXRlIjoxODAwMDAwMDAwMDAwLCJkZWxldGUiOjE4MDAwMDAwMDAwMDAsInJlYWQiOjMwMDAwMDAwMDAwMCwidXBkYXRlIjoxODAwMDAwMDAwMDAwfX0=",
          "dependencies": [
            "azurerm_resource_group.rg",
            "azurerm_virtual_network.my_terraform_network",
            "random_pet.rg_name"
          ]
        }
      ]
    },
    {
      "mode": "managed",
      "type": "azurerm_virtual_network",
      "name": "my_terraform_network",
      "provider": "provider[\"registry.terraform.io/hashicorp/azurerm\"]",
      "instances": [
        {
          "schema_version": 0,
          "attributes": {
            "address_space": [
              "10.0.0.0/16"
            ],
            "bgp_community": "",
            "ddos_protection_plan": [],
            "dns_servers": [],
            "flow_timeout_in_minutes": 0,
            "guid": "da91aebf-3dc4-48f3-a130-865a7e77e069",
            "id": "/subscriptions/66471004-eea9-4636-815f-2ff484fb5f32/resourceGroups/rg-tight-marmot/providers/Microsoft.Network/virtualNetworks/myVnet",
            "location": "eastus",
            "name": "myVnet",
            "resource_group_name": "rg-tight-marmot",
            "subnet": [],
            "tags": null,
            "timeouts": null,
            "vm_protection_enabled": false
          },
          "sensitive_attributes": [],
          "private": "eyJlMmJmYjczMC1lY2FhLTExZTYtOGY4OC0zNDM2M2JjN2M0YzAiOnsiY3JlYXRlIjoxODAwMDAwMDAwMDAwLCJkZWxldGUiOjE4MDAwMDAwMDAwMDAsInJlYWQiOjMwMDAwMDAwMDAwMCwidXBkYXRlIjoxODAwMDAwMDAwMDAwfX0=",
          "dependencies": [
            "azurerm_resource_group.rg",
            "random_pet.rg_name"
          ]
        }
      ]
    },
    {
      "mode": "managed",
      "type": "random_id",
      "name": "random_id",
      "provider": "provider[\"registry.terraform.io/hashicorp/random\"]",
      "instances": [
        {
          "schema_version": 0,
          "attributes": {
            "b64_std": "PO4fjHxV+sc=",
            "b64_url": "PO4fjHxV-sc",
            "byte_length": 8,
            "dec": "4390481374974704327",
            "hex": "3cee1f8c7c55fac7",
            "id": "PO4fjHxV-sc",
            "keepers": {
              "resource_group": "rg-tight-marmot"
            },
            "prefix": null
          },
          "sensitive_attributes": [],
          "dependencies": [
            "azurerm_resource_group.rg",
            "random_pet.rg_name"
          ]
        }
      ]
    },
    {
      "mode": "managed",
      "type": "random_pet",
      "name": "rg_name",
      "provider": "provider[\"registry.terraform.io/hashicorp/random\"]",
      "instances": [
        {
          "schema_version": 0,
          "attributes": {
            "id": "rg-tight-marmot",
            "keepers": null,
            "length": 2,
            "prefix": "rg",
            "separator": "-"
          },
          "sensitive_attributes": []
        }
      ]
    },
    {
      "mode": "managed",
      "type": "tls_private_key",
      "name": "example_ssh",
      "provider": "provider[\"registry.terraform.io/hashicorp/tls\"]",
      "instances": [
        {
          "schema_version": 1,
          "attributes": {
            "algorithm": "RSA",
            "ecdsa_curve": "P224",
            "id": "5af8e4dc081b08e40c6d69dc6975ea4e14b8e539",
            "private_key_openssh": "-----BEGIN OPENSSH PRIVATE KEY-----\nb3BlbnNzaC1rZXktdjEAAAAABG5vbmUAAAAEbm9uZQAAAAAAAAABAAACFwAAAAdz\nc2gtcnNhAAAAAwEAAQAAAgEAqnfMgbXvfsQrv/f1I89R5tZjgBj3Mk5LEgagptEp\n58rINp2W56ohaLVbeyyI8e+VxRDc31ClW6WdqkdoArRorItrA+Wzg1abpyJkXllv\n9csumi8q8+Ty23UKJsVsYUbxhnlBnfm8B8T0ZZUx58Q0WDZdNIiQXiWnWJRMQdPA\nLbQrcO7p+6eGe6S0Cu30D1xYRxBLQH2qxtPL/Ab8odQi4c3FxnOF1yWYF6FaayEo\n02x2ka+5cp1R/eujALmn/eWS4PJqhOZFfGGvpoI7fdpN8gtK6iEs0TcVNQce28Oi\nqsGSimbEbzhzbc6sX1PudUZ4uLovH3/gwLc3gfW14Rx6y4W8Uf5jCMPXNNVsyGKF\nOR22XSN7KYH8vgbqgUGuHpf/d4Eijl5++cm9o9LzZeyj1Ow85cdzkkVNg01bA0Lf\nADFv3W+QNnZNBR6nKr2ZK3K8suCWgjKIdKpuFMLtz/YfUPWH43aZ7TrtPalvqLGZ\nW1EaL6pjKqrVjfGHTh99EAPsBRUTPUwtpYDvMGcUslmogMLZyJU5PqcPhsD1L/Hm\nrCGMbcakGtfiJ2NeJIlphaM/o5gSN3qHZEClSj3kPQwKAH22dN0l8uaaMoFzHaJW\nUxdpOAowEVbwSTe005Pbpi62yBzGwy4/DZccl7oyiGzhDUOGiOZQd1/yN63q+yql\nEy0AAAc4bsc3tW7HN7UAAAAHc3NoLXJzYQAAAgEAqnfMgbXvfsQrv/f1I89R5tZj\ngBj3Mk5LEgagptEp58rINp2W56ohaLVbeyyI8e+VxRDc31ClW6WdqkdoArRorItr\nA+Wzg1abpyJkXllv9csumi8q8+Ty23UKJsVsYUbxhnlBnfm8B8T0ZZUx58Q0WDZd\nNIiQXiWnWJRMQdPALbQrcO7p+6eGe6S0Cu30D1xYRxBLQH2qxtPL/Ab8odQi4c3F\nxnOF1yWYF6FaayEo02x2ka+5cp1R/eujALmn/eWS4PJqhOZFfGGvpoI7fdpN8gtK\n6iEs0TcVNQce28OiqsGSimbEbzhzbc6sX1PudUZ4uLovH3/gwLc3gfW14Rx6y4W8\nUf5jCMPXNNVsyGKFOR22XSN7KYH8vgbqgUGuHpf/d4Eijl5++cm9o9LzZeyj1Ow8\n5cdzkkVNg01bA0LfADFv3W+QNnZNBR6nKr2ZK3K8suCWgjKIdKpuFMLtz/YfUPWH\n43aZ7TrtPalvqLGZW1EaL6pjKqrVjfGHTh99EAPsBRUTPUwtpYDvMGcUslmogMLZ\nyJU5PqcPhsD1L/HmrCGMbcakGtfiJ2NeJIlphaM/o5gSN3qHZEClSj3kPQwKAH22\ndN0l8uaaMoFzHaJWUxdpOAowEVbwSTe005Pbpi62yBzGwy4/DZccl7oyiGzhDUOG\niOZQd1/yN63q+yqlEy0AAAADAQABAAACAGfBTN8yLlgY7IwGTtWB7Vaz7JHeIC8l\nSjnpgMSoEHp9iUj8uAm/GmCR6eFZpOykp6LvdZASlOLoNcObfKoQxpkmrncLyyxI\nfarHmxF2HFgdV/sOdHVIR6zdWtVoWmQG+yCfExolE5YjAaIGof5wBHAgfrBn4n77\nKhUXBicWzCTFQZ+WOyIpwAfnopH4bREgYra2KydQla444TI/ympxJN4NEbCNRcxC\nnITdd5w27ZNps+1OaHBjYrFLR8Y8OgymO7Tgt4a2ZVqkVnXhVHZwdfq5dtp0YMPi\nY+0HrXeTZqHJ+fh1PmB3moIeRforqrsErpu47s+cVN7XZVibhh1C6VWSd6EN7uSX\nnHg62r/zLu/tRj4RU7EOI69RY5L+NPO0SEfl+IXPg//pbbkt9Q08fPiIcooIhrPq\nlwdmalBfRp5ZArdG48jDzPnyjXDJZpfw/uhtTcQigqs5caAb6PaG99Jd24JM8ajb\naDKl/jytuAD8D7CxK9Kwd2zWmH4V8vITfsrJs+/5Auj6V38uQIv5W3/qusaKE4AR\ngENdCMB9Yc5+ov02stpqJrkimODz/iAmk8ctU7hHm8HhCx/Fta/1zMoHFU95iKpx\njEh+9XLj1coPx+82dBT9m1BYSqOsiiDfvR7VTCsQvDjA3QGF7ZspC8p5dKFh336i\nhi7uNFd7prH9AAABAFBe42ukwIVcugi2ChWPVEYl/t42mi6hBOKWFsfgiiybJwVa\nlDxONEtxSdhMerbr27CPeQ2X40bj2f5XKVR/hIGscoHYiHZWy2vsU3pqYC3n2Zcz\nWwwWVKMB71QspOO2K6nziNS8wl14SbQXwB0LlFKTqmx9EpcdKKGv2jFsXarppCvw\nHzmo2OEewX4gm45xepm7N5dzbrguUCqJw1kF9N8ot03AoaESuEVPHTR7ROzhKfay\n2fnNXoBtpH6aIQOYb7zm8pulj8jgPX9rcOcZDU4TKxTvDqlu+cSyzCdj3y4DUy6J\nqS84x0fAcGKz1br/cRFl1FDHQQn1j8lwrIVLKswAAAEBANQXDIIIs3Oic3zywatk\naBmDeWr7a2/UQVBW9OeGtCJCQFOKQLFs8gXH4me7nxCeYDyD20/vsA3B6Xl3VVOX\nHXSm+xTSSrT96q13xssZ7UW0SQMI3vdZLryZ+VdaaYhTeINewXYhCGUY0e3HTPnD\nN5/LCiKHsW0IRyYk72Bb25IAduFj94VzA2DyVFJ7hOXZ9EFFOuH7DnS565tkviHB\nz8ZYBqemrDIv+KbYXg9904VYeurp4dXIHyUxvSWUHACqE9fmfLe9AoknRBuIpmdc\nstZ7zYZNTjZM7O6aQVxU6EF4FwOYlkbU1kGRjc0qSwjjDLdFlCQn+b/Q8JkDJrzs\nMjcAAAEBAM3Cvr2AGUPZ9QUNO5eUNuKK7uqHAUXcl/gaVswE43xHal1sljJyUgXv\n+cGjfFNy8YkqBflWGJ5t+E0pga4bpnAmNCbno46zJvJxmCg7HZoL917QKW0B41tu\nz6/HAmN2G5qc6Ln1xDgznANTeNYD2vp5anccJZIRJJZgoGKXUxFlqlJRkXY7MEIx\nDWjLm3RI/hMCg7ivWkJJdT9mzxNoOrOeqDMb/+A2dUxVLrpchRqs3hTeuYwnY60x\ngbRVWvSjVO53WuQ8dQ1HiKLBz1UNfwZj/dcFK/H1nixfEZPCCIwmXvx5N24G0GEN\nQpOKmqz50Hu6KfPR6UV0NKdVI9LIQ7sAAAAAAQID\n-----END OPENSSH PRIVATE KEY-----\n",
            "private_key_pem": "-----BEGIN RSA PRIVATE KEY-----\nMIIJJwIBAAKCAgEAqnfMgbXvfsQrv/f1I89R5tZjgBj3Mk5LEgagptEp58rINp2W\n56ohaLVbeyyI8e+VxRDc31ClW6WdqkdoArRorItrA+Wzg1abpyJkXllv9csumi8q\n8+Ty23UKJsVsYUbxhnlBnfm8B8T0ZZUx58Q0WDZdNIiQXiWnWJRMQdPALbQrcO7p\n+6eGe6S0Cu30D1xYRxBLQH2qxtPL/Ab8odQi4c3FxnOF1yWYF6FaayEo02x2ka+5\ncp1R/eujALmn/eWS4PJqhOZFfGGvpoI7fdpN8gtK6iEs0TcVNQce28OiqsGSimbE\nbzhzbc6sX1PudUZ4uLovH3/gwLc3gfW14Rx6y4W8Uf5jCMPXNNVsyGKFOR22XSN7\nKYH8vgbqgUGuHpf/d4Eijl5++cm9o9LzZeyj1Ow85cdzkkVNg01bA0LfADFv3W+Q\nNnZNBR6nKr2ZK3K8suCWgjKIdKpuFMLtz/YfUPWH43aZ7TrtPalvqLGZW1EaL6pj\nKqrVjfGHTh99EAPsBRUTPUwtpYDvMGcUslmogMLZyJU5PqcPhsD1L/HmrCGMbcak\nGtfiJ2NeJIlphaM/o5gSN3qHZEClSj3kPQwKAH22dN0l8uaaMoFzHaJWUxdpOAow\nEVbwSTe005Pbpi62yBzGwy4/DZccl7oyiGzhDUOGiOZQd1/yN63q+yqlEy0CAwEA\nAQKCAgBnwUzfMi5YGOyMBk7Vge1Ws+yR3iAvJUo56YDEqBB6fYlI/LgJvxpgkenh\nWaTspKei73WQEpTi6DXDm3yqEMaZJq53C8ssSH2qx5sRdhxYHVf7DnR1SEes3VrV\naFpkBvsgnxMaJROWIwGiBqH+cARwIH6wZ+J++yoVFwYnFswkxUGfljsiKcAH56KR\n+G0RIGK2tisnUJWuOOEyP8pqcSTeDRGwjUXMQpyE3XecNu2TabPtTmhwY2KxS0fG\nPDoMpju04LeGtmVapFZ14VR2cHX6uXbadGDD4mPtB613k2ahyfn4dT5gd5qCHkX6\nK6q7BK6buO7PnFTe12VYm4YdQulVknehDe7kl5x4Otq/8y7v7UY+EVOxDiOvUWOS\n/jTztEhH5fiFz4P/6W25LfUNPHz4iHKKCIaz6pcHZmpQX0aeWQK3RuPIw8z58o1w\nyWaX8P7obU3EIoKrOXGgG+j2hvfSXduCTPGo22gypf48rbgA/A+wsSvSsHds1ph+\nFfLyE37KybPv+QLo+ld/LkCL+Vt/6rrGihOAEYBDXQjAfWHOfqL9NrLaaia5Ipjg\n8/4gJpPHLVO4R5vB4QsfxbWv9czKBxVPeYiqcYxIfvVy49XKD8fvNnQU/ZtQWEqj\nrIog370e1UwrELw4wN0Bhe2bKQvKeXShYd9+ooYu7jRXe6ax/QKCAQEA1BcMggiz\nc6JzfPLBq2RoGYN5avtrb9RBUFb054a0IkJAU4pAsWzyBcfiZ7ufEJ5gPIPbT++w\nDcHpeXdVU5cddKb7FNJKtP3qrXfGyxntRbRJAwje91kuvJn5V1ppiFN4g17BdiEI\nZRjR7cdM+cM3n8sKIoexbQhHJiTvYFvbkgB24WP3hXMDYPJUUnuE5dn0QUU64fsO\ndLnrm2S+IcHPxlgGp6asMi/4ptheD33ThVh66unh1cgfJTG9JZQcAKoT1+Z8t70C\niSdEG4imZ1yy1nvNhk1ONkzs7ppBXFToQXgXA5iWRtTWQZGNzSpLCOMMt0WUJCf5\nv9DwmQMmvOwyNwKCAQEAzcK+vYAZQ9n1BQ07l5Q24oru6ocBRdyX+BpWzATjfEdq\nXWyWMnJSBe/5waN8U3LxiSoF+VYYnm34TSmBrhumcCY0JuejjrMm8nGYKDsdmgv3\nXtApbQHjW27Pr8cCY3YbmpzoufXEODOcA1N41gPa+nlqdxwlkhEklmCgYpdTEWWq\nUlGRdjswQjENaMubdEj+EwKDuK9aQkl1P2bPE2g6s56oMxv/4DZ1TFUuulyFGqze\nFN65jCdjrTGBtFVa9KNU7nda5Dx1DUeIosHPVQ1/BmP91wUr8fWeLF8Rk8IIjCZe\n/Hk3bgbQYQ1Ck4qarPnQe7op89HpRXQ0p1Uj0shDuwKCAQAKre5vTcjbdb6i+AZQ\nfwnO3xPqEybhxqpTRU2nqty/LN7YVgnT5Ux6hgocdxIXYCIwaeNNLyCKUM1U1HFz\neBR/nzjdX4lre62pdnKIH5IXBHD4uiWgBtmXnZk0kNTnjGxxEQBk1lz52joX4wU5\nPl86qJqmCncgql4KyalUDMwNmgBicQoxqgztgMZGMPoMKOFnt/izEFU2A3adqID6\naivwLNaI8peRH2FB5Xs3BHr2J/JoicZZYW5QDSUdE0wlrGq7YFu/VMEf7t47FLJs\nWfqXWjyLGrFpgo4bpaDM6WmYgleGUtSeVHFFc/LT9eE5XVVylQpUl763remvir0U\nnkAZAoIBAERcpZ60RrCiY6OwB9KOrcWKv2IwRJ3/coY9ygSywxnxaEdt4mEUVmge\nmO5a8N2Q3OrjiWST1E4e31ZTqgA8s4mjR8R9RXwNzazTTOhg667YtvFLW9gZvn4M\nTPhruEFvZjByXWgbXXwGuZjpTMZeNYzudg7ozRrAk1Va+S6IdFLdYj9DVn7fn2L+\nhSQCMb3q2m9acIUVzXkkis3rzHT4NjijR+LjNJo7vbEExCeqwZZhRM/OR/tmwtky\nD5Pon/WTpo4sHYijBYjJ8X2Rwt7RQxjOc/HSiA01u72mQGLFHq3hucFMTLxDi0wT\nacE3VbiOr1PMQE//t+8Zcrz9ro9Ddi0CggEAUF7ja6TAhVy6CLYKFY9URiX+3jaa\nLqEE4pYWx+CKLJsnBVqUPE40S3FJ2Ex6tuvbsI95DZfjRuPZ/lcpVH+EgaxygdiI\ndlbLa+xTempgLefZlzNbDBZUowHvVCyk47YrqfOI1LzCXXhJtBfAHQuUUpOqbH0S\nlx0ooa/aMWxdqumkK/AfOajY4R7BfiCbjnF6mbs3l3NuuC5QKonDWQX03yi3TcCh\noRK4RU8dNHtE7OEp9rLZ+c1egG2kfpohA5hvvObym6WPyOA9f2tw5xkNThMrFO8O\nqW75xLLMJ2PfLgNTLompLzjHR8BwYrPVuv9xEWXUUMdBCfWPyXCshUsqzA==\n-----END RSA PRIVATE KEY-----\n",
            "private_key_pem_pkcs8": "-----BEGIN PRIVATE KEY-----\nMIIJQQIBADANBgkqhkiG9w0BAQEFAASCCSswggknAgEAAoICAQCqd8yBte9+xCu/\n9/Ujz1Hm1mOAGPcyTksSBqCm0Snnysg2nZbnqiFotVt7LIjx75XFENzfUKVbpZ2q\nR2gCtGisi2sD5bODVpunImReWW/1yy6aLyrz5PLbdQomxWxhRvGGeUGd+bwHxPRl\nlTHnxDRYNl00iJBeJadYlExB08AttCtw7un7p4Z7pLQK7fQPXFhHEEtAfarG08v8\nBvyh1CLhzcXGc4XXJZgXoVprISjTbHaRr7lynVH966MAuaf95ZLg8mqE5kV8Ya+m\ngjt92k3yC0rqISzRNxU1Bx7bw6KqwZKKZsRvOHNtzqxfU+51Rni4ui8ff+DAtzeB\n9bXhHHrLhbxR/mMIw9c01WzIYoU5HbZdI3spgfy+BuqBQa4el/93gSKOXn75yb2j\n0vNl7KPU7Dzlx3OSRU2DTVsDQt8AMW/db5A2dk0FHqcqvZkrcryy4JaCMoh0qm4U\nwu3P9h9Q9YfjdpntOu09qW+osZlbURovqmMqqtWN8YdOH30QA+wFFRM9TC2lgO8w\nZxSyWaiAwtnIlTk+pw+GwPUv8easIYxtxqQa1+InY14kiWmFoz+jmBI3eodkQKVK\nPeQ9DAoAfbZ03SXy5poygXMdolZTF2k4CjARVvBJN7TTk9umLrbIHMbDLj8NlxyX\nujKIbOENQ4aI5lB3X/I3rer7KqUTLQIDAQABAoICAGfBTN8yLlgY7IwGTtWB7Vaz\n7JHeIC8lSjnpgMSoEHp9iUj8uAm/GmCR6eFZpOykp6LvdZASlOLoNcObfKoQxpkm\nrncLyyxIfarHmxF2HFgdV/sOdHVIR6zdWtVoWmQG+yCfExolE5YjAaIGof5wBHAg\nfrBn4n77KhUXBicWzCTFQZ+WOyIpwAfnopH4bREgYra2KydQla444TI/ympxJN4N\nEbCNRcxCnITdd5w27ZNps+1OaHBjYrFLR8Y8OgymO7Tgt4a2ZVqkVnXhVHZwdfq5\ndtp0YMPiY+0HrXeTZqHJ+fh1PmB3moIeRforqrsErpu47s+cVN7XZVibhh1C6VWS\nd6EN7uSXnHg62r/zLu/tRj4RU7EOI69RY5L+NPO0SEfl+IXPg//pbbkt9Q08fPiI\ncooIhrPqlwdmalBfRp5ZArdG48jDzPnyjXDJZpfw/uhtTcQigqs5caAb6PaG99Jd\n24JM8ajbaDKl/jytuAD8D7CxK9Kwd2zWmH4V8vITfsrJs+/5Auj6V38uQIv5W3/q\nusaKE4ARgENdCMB9Yc5+ov02stpqJrkimODz/iAmk8ctU7hHm8HhCx/Fta/1zMoH\nFU95iKpxjEh+9XLj1coPx+82dBT9m1BYSqOsiiDfvR7VTCsQvDjA3QGF7ZspC8p5\ndKFh336ihi7uNFd7prH9AoIBAQDUFwyCCLNzonN88sGrZGgZg3lq+2tv1EFQVvTn\nhrQiQkBTikCxbPIFx+Jnu58QnmA8g9tP77ANwel5d1VTlx10pvsU0kq0/eqtd8bL\nGe1FtEkDCN73WS68mflXWmmIU3iDXsF2IQhlGNHtx0z5wzefywoih7FtCEcmJO9g\nW9uSAHbhY/eFcwNg8lRSe4Tl2fRBRTrh+w50ueubZL4hwc/GWAanpqwyL/im2F4P\nfdOFWHrq6eHVyB8lMb0llBwAqhPX5ny3vQKJJ0QbiKZnXLLWe82GTU42TOzumkFc\nVOhBeBcDmJZG1NZBkY3NKksI4wy3RZQkJ/m/0PCZAya87DI3AoIBAQDNwr69gBlD\n2fUFDTuXlDbiiu7qhwFF3Jf4GlbMBON8R2pdbJYyclIF7/nBo3xTcvGJKgX5Vhie\nbfhNKYGuG6ZwJjQm56OOsybycZgoOx2aC/de0CltAeNbbs+vxwJjdhuanOi59cQ4\nM5wDU3jWA9r6eWp3HCWSESSWYKBil1MRZapSUZF2OzBCMQ1oy5t0SP4TAoO4r1pC\nSXU/Zs8TaDqznqgzG//gNnVMVS66XIUarN4U3rmMJ2OtMYG0VVr0o1Tud1rkPHUN\nR4iiwc9VDX8GY/3XBSvx9Z4sXxGTwgiMJl78eTduBtBhDUKTipqs+dB7uinz0elF\ndDSnVSPSyEO7AoIBAAqt7m9NyNt1vqL4BlB/Cc7fE+oTJuHGqlNFTaeq3L8s3thW\nCdPlTHqGChx3EhdgIjBp400vIIpQzVTUcXN4FH+fON1fiWt7ral2cogfkhcEcPi6\nJaAG2ZedmTSQ1OeMbHERAGTWXPnaOhfjBTk+XzqomqYKdyCqXgrJqVQMzA2aAGJx\nCjGqDO2AxkYw+gwo4We3+LMQVTYDdp2ogPpqK/As1ojyl5EfYUHlezcEevYn8miJ\nxllhblANJR0TTCWsartgW79UwR/u3jsUsmxZ+pdaPIsasWmCjhuloMzpaZiCV4ZS\n1J5UcUVz8tP14TldVXKVClSXvret6a+KvRSeQBkCggEARFylnrRGsKJjo7AH0o6t\nxYq/YjBEnf9yhj3KBLLDGfFoR23iYRRWaB6Y7lrw3ZDc6uOJZJPUTh7fVlOqADyz\niaNHxH1FfA3NrNNM6GDrrti28Utb2Bm+fgxM+Gu4QW9mMHJdaBtdfAa5mOlMxl41\njO52DujNGsCTVVr5Loh0Ut1iP0NWft+fYv6FJAIxverab1pwhRXNeSSKzevMdPg2\nOKNH4uM0mju9sQTEJ6rBlmFEz85H+2bC2TIPk+if9ZOmjiwdiKMFiMnxfZHC3tFD\nGM5z8dKIDTW7vaZAYsUereG5wUxMvEOLTBNpwTdVuI6vU8xAT/+37xlyvP2uj0N2\nLQKCAQBQXuNrpMCFXLoItgoVj1RGJf7eNpouoQTilhbH4IosmycFWpQ8TjRLcUnY\nTHq269uwj3kNl+NG49n+VylUf4SBrHKB2Ih2Vstr7FN6amAt59mXM1sMFlSjAe9U\nLKTjtiup84jUvMJdeEm0F8AdC5RSk6psfRKXHSihr9oxbF2q6aQr8B85qNjhHsF+\nIJuOcXqZuzeXc264LlAqicNZBfTfKLdNwKGhErhFTx00e0Ts4Sn2stn5zV6AbaR+\nmiEDmG+85vKbpY/I4D1/a3DnGQ1OEysU7w6pbvnEsswnY98uA1MuiakvOMdHwHBi\ns9W6/3ERZdRQx0EJ9Y/JcKyFSyrM\n-----END PRIVATE KEY-----\n",
            "public_key_fingerprint_md5": "2d:d4:37:0b:41:90:fb:e7:91:c5:76:d3:aa:79:d7:74",
            "public_key_fingerprint_sha256": "SHA256:EJQYAp1Ke24DNrI+mg/WZFWF3AbwxGRGPrNE5s6yFJU",
            "public_key_openssh": "ssh-rsa AAAAB3NzaC1yc2EAAAADAQABAAACAQCqd8yBte9+xCu/9/Ujz1Hm1mOAGPcyTksSBqCm0Snnysg2nZbnqiFotVt7LIjx75XFENzfUKVbpZ2qR2gCtGisi2sD5bODVpunImReWW/1yy6aLyrz5PLbdQomxWxhRvGGeUGd+bwHxPRllTHnxDRYNl00iJBeJadYlExB08AttCtw7un7p4Z7pLQK7fQPXFhHEEtAfarG08v8Bvyh1CLhzcXGc4XXJZgXoVprISjTbHaRr7lynVH966MAuaf95ZLg8mqE5kV8Ya+mgjt92k3yC0rqISzRNxU1Bx7bw6KqwZKKZsRvOHNtzqxfU+51Rni4ui8ff+DAtzeB9bXhHHrLhbxR/mMIw9c01WzIYoU5HbZdI3spgfy+BuqBQa4el/93gSKOXn75yb2j0vNl7KPU7Dzlx3OSRU2DTVsDQt8AMW/db5A2dk0FHqcqvZkrcryy4JaCMoh0qm4Uwu3P9h9Q9YfjdpntOu09qW+osZlbURovqmMqqtWN8YdOH30QA+wFFRM9TC2lgO8wZxSyWaiAwtnIlTk+pw+GwPUv8easIYxtxqQa1+InY14kiWmFoz+jmBI3eodkQKVKPeQ9DAoAfbZ03SXy5poygXMdolZTF2k4CjARVvBJN7TTk9umLrbIHMbDLj8NlxyXujKIbOENQ4aI5lB3X/I3rer7KqUTLQ==\n",
            "public_key_pem": "-----BEGIN PUBLIC KEY-----\nMIICIjANBgkqhkiG9w0BAQEFAAOCAg8AMIICCgKCAgEAqnfMgbXvfsQrv/f1I89R\n5tZjgBj3Mk5LEgagptEp58rINp2W56ohaLVbeyyI8e+VxRDc31ClW6WdqkdoArRo\nrItrA+Wzg1abpyJkXllv9csumi8q8+Ty23UKJsVsYUbxhnlBnfm8B8T0ZZUx58Q0\nWDZdNIiQXiWnWJRMQdPALbQrcO7p+6eGe6S0Cu30D1xYRxBLQH2qxtPL/Ab8odQi\n4c3FxnOF1yWYF6FaayEo02x2ka+5cp1R/eujALmn/eWS4PJqhOZFfGGvpoI7fdpN\n8gtK6iEs0TcVNQce28OiqsGSimbEbzhzbc6sX1PudUZ4uLovH3/gwLc3gfW14Rx6\ny4W8Uf5jCMPXNNVsyGKFOR22XSN7KYH8vgbqgUGuHpf/d4Eijl5++cm9o9LzZeyj\n1Ow85cdzkkVNg01bA0LfADFv3W+QNnZNBR6nKr2ZK3K8suCWgjKIdKpuFMLtz/Yf\nUPWH43aZ7TrtPalvqLGZW1EaL6pjKqrVjfGHTh99EAPsBRUTPUwtpYDvMGcUslmo\ngMLZyJU5PqcPhsD1L/HmrCGMbcakGtfiJ2NeJIlphaM/o5gSN3qHZEClSj3kPQwK\nAH22dN0l8uaaMoFzHaJWUxdpOAowEVbwSTe005Pbpi62yBzGwy4/DZccl7oyiGzh\nDUOGiOZQd1/yN63q+yqlEy0CAwEAAQ==\n-----END PUBLIC KEY-----\n",
            "rsa_bits": 4096
          },
          "sensitive_attributes": []
        }
      ]
    }
  ]
}
